
Microsoft Visual Studio Solution File, Format Version 12.00
# Visual Studio Version 17
VisualStudioVersion = 17.5.002.0
MinimumVisualStudioVersion = 10.0.40219.1
Project("{9A19103F-16F7-4668-BE54-9A1E7A4F7556}") = "SimpleNumber", "SimpleNumber.csproj", "{94621722-5E54-4381-9AAF-6FE7D4C06540}"
EndProject
Global
	GlobalSection(SolutionConfigurationPlatforms) = preSolution
		Debug|Any CPU = Debug|Any CPU
		Release|Any CPU = Release|Any CPU
	EndGlobalSection
	GlobalSection(ProjectConfigurationPlatforms) = postSolution
		{94621722-5E54-4381-9AAF-6FE7D4C06540}.Debug|Any CPU.ActiveCfg = Debug|Any CPU
		{94621722-5E54-4381-9AAF-6FE7D4C06540}.Debug|Any CPU.Build.0 = Debug|Any CPU
		{94621722-5E54-4381-9AAF-6FE7D4C06540}.Release|Any CPU.ActiveCfg = Release|Any CPU
		{94621722-5E54-4381-9AAF-6FE7D4C06540}.Release|Any CPU.Build.0 = Release|Any CPU
	EndGlobalSection
	GlobalSection(SolutionProperties) = preSolution
		HideSolutionNode = FALSE
	EndGlobalSection
	GlobalSection(ExtensibilityGlobals) = postSolution
		SolutionGuid = {3BF5F3D3-B0DB-483A-AC80-D31C06B3437E}
	EndGlobalSection
EndGlobal
